
Microsoft Visual Studio Solution File, Format Version 12.00
# Visual Studio Version 16
VisualStudioVersion = 16.0.28803.156
MinimumVisualStudioVersion = 10.0.40219.1
Project("{9A19103F-16F7-4668-BE54-9A1E7A4F7556}") = "SportsStore", "SportsStore\SportsStore.csproj", "{08119211-AC3C-4977-A342-20B29B3A1656}"
EndProject
Project("{9A19103F-16F7-4668-BE54-9A1E7A4F7556}") = "SportsStore.Tests", "SportsStore.Tests\SportsStore.Tests.csproj", "{7D8091A0-24EE-4181-A609-9F220434FBE3}"
EndProject
Global
	GlobalSection(SolutionConfigurationPlatforms) = preSolution
		Debug|Any CPU = Debug|Any CPU
		Release|Any CPU = Release|Any CPU
	EndGlobalSection
	GlobalSection(ProjectConfigurationPlatforms) = postSolution
		{08119211-AC3C-4977-A342-20B29B3A1656}.Debug|Any CPU.ActiveCfg = Debug|Any CPU
		{08119211-AC3C-4977-A342-20B29B3A1656}.Debug|Any CPU.Build.0 = Debug|Any CPU
		{08119211-AC3C-4977-A342-20B29B3A1656}.Release|Any CPU.ActiveCfg = Release|Any CPU
		{08119211-AC3C-4977-A342-20B29B3A1656}.Release|Any CPU.Build.0 = Release|Any CPU
		{7D8091A0-24EE-4181-A609-9F220434FBE3}.Debug|Any CPU.ActiveCfg = Debug|Any CPU
		{7D8091A0-24EE-4181-A609-9F220434FBE3}.Debug|Any CPU.Build.0 = Debug|Any CPU
		{7D8091A0-24EE-4181-A609-9F220434FBE3}.Release|Any CPU.ActiveCfg = Release|Any CPU
		{7D8091A0-24EE-4181-A609-9F220434FBE3}.Release|Any CPU.Build.0 = Release|Any CPU
	EndGlobalSection
	GlobalSection(SolutionProperties) = preSolution
		HideSolutionNode = FALSE
	EndGlobalSection
	GlobalSection(ExtensibilityGlobals) = postSolution
		SolutionGuid = {40986F17-E6D2-41B7-AC8E-28B409D40EC2}
	EndGlobalSection
EndGlobal
