
Microsoft Visual Studio Solution File, Format Version 12.00
# Visual Studio 15
VisualStudioVersion = 15.0.28307.489
MinimumVisualStudioVersion = 10.0.40219.1
Project("{FAE04EC0-301F-11D3-BF4B-00C04F79EFBC}") = "ControllersAndActions", "ControllersAndActions\ControllersAndActions.csproj", "{D6FD0AF1-CCBF-41FA-A00B-FD05F9523485}"
EndProject
Project("{FAE04EC0-301F-11D3-BF4B-00C04F79EFBC}") = "ControllersAndActions.Tests", "ControllersAndActions.Tests\ControllersAndActions.Tests.csproj", "{4A7D21FD-169A-4FDB-8C62-58C8851FFB57}"
EndProject
Global
	GlobalSection(SolutionConfigurationPlatforms) = preSolution
		Debug|Any CPU = Debug|Any CPU
		Release|Any CPU = Release|Any CPU
	EndGlobalSection
	GlobalSection(ProjectConfigurationPlatforms) = postSolution
		{D6FD0AF1-CCBF-41FA-A00B-FD05F9523485}.Debug|Any CPU.ActiveCfg = Debug|Any CPU
		{D6FD0AF1-CCBF-41FA-A00B-FD05F9523485}.Debug|Any CPU.Build.0 = Debug|Any CPU
		{D6FD0AF1-CCBF-41FA-A00B-FD05F9523485}.Release|Any CPU.ActiveCfg = Release|Any CPU
		{D6FD0AF1-CCBF-41FA-A00B-FD05F9523485}.Release|Any CPU.Build.0 = Release|Any CPU
		{4A7D21FD-169A-4FDB-8C62-58C8851FFB57}.Debug|Any CPU.ActiveCfg = Debug|Any CPU
		{4A7D21FD-169A-4FDB-8C62-58C8851FFB57}.Debug|Any CPU.Build.0 = Debug|Any CPU
		{4A7D21FD-169A-4FDB-8C62-58C8851FFB57}.Release|Any CPU.ActiveCfg = Release|Any CPU
		{4A7D21FD-169A-4FDB-8C62-58C8851FFB57}.Release|Any CPU.Build.0 = Release|Any CPU
	EndGlobalSection
	GlobalSection(SolutionProperties) = preSolution
		HideSolutionNode = FALSE
	EndGlobalSection
	GlobalSection(ExtensibilityGlobals) = postSolution
		SolutionGuid = {958EDDD7-A28A-4F54-8E00-98B6DBDB057A}
	EndGlobalSection
EndGlobal
