
Microsoft Visual Studio Solution File, Format Version 12.00
# Visual Studio Version 16
VisualStudioVersion = 16.0.28803.156
MinimumVisualStudioVersion = 10.0.40219.1
Project("{FAE04EC0-301F-11D3-BF4B-00C04F79EFBC}") = "ConventionsAndConstraints", "ConventionsAndConstraints\ConventionsAndConstraints.csproj", "{08DED8A2-22ED-4B26-8A62-FC8471FC0252}"
EndProject
Global
	GlobalSection(SolutionConfigurationPlatforms) = preSolution
		Debug|Any CPU = Debug|Any CPU
		Release|Any CPU = Release|Any CPU
	EndGlobalSection
	GlobalSection(ProjectConfigurationPlatforms) = postSolution
		{08DED8A2-22ED-4B26-8A62-FC8471FC0252}.Debug|Any CPU.ActiveCfg = Debug|Any CPU
		{08DED8A2-22ED-4B26-8A62-FC8471FC0252}.Debug|Any CPU.Build.0 = Debug|Any CPU
		{08DED8A2-22ED-4B26-8A62-FC8471FC0252}.Release|Any CPU.ActiveCfg = Release|Any CPU
		{08DED8A2-22ED-4B26-8A62-FC8471FC0252}.Release|Any CPU.Build.0 = Release|Any CPU
	EndGlobalSection
	GlobalSection(SolutionProperties) = preSolution
		HideSolutionNode = FALSE
	EndGlobalSection
	GlobalSection(ExtensibilityGlobals) = postSolution
		SolutionGuid = {A023D798-6FAD-49A0-B0E5-6DE54F56F705}
	EndGlobalSection
EndGlobal
