
Microsoft Visual Studio Solution File, Format Version 12.00
# Visual Studio 15
VisualStudioVersion = 15.0.28307.489
MinimumVisualStudioVersion = 10.0.40219.1
Project("{FAE04EC0-301F-11D3-BF4B-00C04F79EFBC}") = "Cities", "Cities\Cities.csproj", "{468C5E6F-6103-462A-8640-7101D0991AD7}"
EndProject
Project("{FAE04EC0-301F-11D3-BF4B-00C04F79EFBC}") = "Cities.Tests", "Cities.Tests\Cities.Tests.csproj", "{C1A38AED-49CD-4E8F-92C6-05B0895C7F14}"
EndProject
Global
	GlobalSection(SolutionConfigurationPlatforms) = preSolution
		Debug|Any CPU = Debug|Any CPU
		Release|Any CPU = Release|Any CPU
	EndGlobalSection
	GlobalSection(ProjectConfigurationPlatforms) = postSolution
		{468C5E6F-6103-462A-8640-7101D0991AD7}.Debug|Any CPU.ActiveCfg = Debug|Any CPU
		{468C5E6F-6103-462A-8640-7101D0991AD7}.Debug|Any CPU.Build.0 = Debug|Any CPU
		{468C5E6F-6103-462A-8640-7101D0991AD7}.Release|Any CPU.ActiveCfg = Release|Any CPU
		{468C5E6F-6103-462A-8640-7101D0991AD7}.Release|Any CPU.Build.0 = Release|Any CPU
		{C1A38AED-49CD-4E8F-92C6-05B0895C7F14}.Debug|Any CPU.ActiveCfg = Debug|Any CPU
		{C1A38AED-49CD-4E8F-92C6-05B0895C7F14}.Debug|Any CPU.Build.0 = Debug|Any CPU
		{C1A38AED-49CD-4E8F-92C6-05B0895C7F14}.Release|Any CPU.ActiveCfg = Release|Any CPU
		{C1A38AED-49CD-4E8F-92C6-05B0895C7F14}.Release|Any CPU.Build.0 = Release|Any CPU
	EndGlobalSection
	GlobalSection(SolutionProperties) = preSolution
		HideSolutionNode = FALSE
	EndGlobalSection
	GlobalSection(ExtensibilityGlobals) = postSolution
		SolutionGuid = {66740E1E-E23F-4188-A76A-EC7D6441FAF8}
	EndGlobalSection
EndGlobal
