
Microsoft Visual Studio Solution File, Format Version 12.00
# Visual Studio 15
VisualStudioVersion = 15.0.28307.489
MinimumVisualStudioVersion = 10.0.40219.1
Project("{FAE04EC0-301F-11D3-BF4B-00C04F79EFBC}") = "ApiControllers", "ApiControllers\ApiControllers.csproj", "{F94E3526-FDBA-4C5C-A904-9A7C1978EACD}"
EndProject
Global
	GlobalSection(SolutionConfigurationPlatforms) = preSolution
		Debug|Any CPU = Debug|Any CPU
		Release|Any CPU = Release|Any CPU
	EndGlobalSection
	GlobalSection(ProjectConfigurationPlatforms) = postSolution
		{F94E3526-FDBA-4C5C-A904-9A7C1978EACD}.Debug|Any CPU.ActiveCfg = Debug|Any CPU
		{F94E3526-FDBA-4C5C-A904-9A7C1978EACD}.Debug|Any CPU.Build.0 = Debug|Any CPU
		{F94E3526-FDBA-4C5C-A904-9A7C1978EACD}.Release|Any CPU.ActiveCfg = Release|Any CPU
		{F94E3526-FDBA-4C5C-A904-9A7C1978EACD}.Release|Any CPU.Build.0 = Release|Any CPU
	EndGlobalSection
	GlobalSection(SolutionProperties) = preSolution
		HideSolutionNode = FALSE
	EndGlobalSection
	GlobalSection(ExtensibilityGlobals) = postSolution
		SolutionGuid = {E723080A-4384-455A-9643-457CF2E20C0C}
	EndGlobalSection
EndGlobal
